
Microsoft Visual Studio Solution File, Format Version 12.00
# Visual Studio Version 16
VisualStudioVersion = 16.0.31515.178
MinimumVisualStudioVersion = 10.0.40219.1
Project("{FAE04EC0-301F-11D3-BF4B-00C04F79EFBC}") = "BackyardSchedules", "BackyardSchedules\BackyardSchedules.csproj", "{183B6821-6283-4F5D-BDD1-57B2C1FE5B64}"
EndProject
Global
	GlobalSection(SolutionConfigurationPlatforms) = preSolution
		Debug|Any CPU = Debug|Any CPU
		Release|Any CPU = Release|Any CPU
	EndGlobalSection
	GlobalSection(ProjectConfigurationPlatforms) = postSolution
		{183B6821-6283-4F5D-BDD1-57B2C1FE5B64}.Debug|Any CPU.ActiveCfg = Debug|Any CPU
		{183B6821-6283-4F5D-BDD1-57B2C1FE5B64}.Debug|Any CPU.Build.0 = Debug|Any CPU
		{183B6821-6283-4F5D-BDD1-57B2C1FE5B64}.Release|Any CPU.ActiveCfg = Release|Any CPU
		{183B6821-6283-4F5D-BDD1-57B2C1FE5B64}.Release|Any CPU.Build.0 = Release|Any CPU
	EndGlobalSection
	GlobalSection(SolutionProperties) = preSolution
		HideSolutionNode = FALSE
	EndGlobalSection
	GlobalSection(ExtensibilityGlobals) = postSolution
		SolutionGuid = {CE72168A-BDA2-4851-9ED0-E36B37529F59}
	EndGlobalSection
EndGlobal
