
Microsoft Visual Studio Solution File, Format Version 12.00
# Visual Studio Version 16
VisualStudioVersion = 16.0.31515.178
MinimumVisualStudioVersion = 10.0.40219.1
Project("{FAE04EC0-301F-11D3-BF4B-00C04F79EFBC}") = "ProgramFlow", "ProgramFlow\ProgramFlow.csproj", "{6A988B54-BE90-49F2-A6A1-D7D50A660502}"
EndProject
Global
	GlobalSection(SolutionConfigurationPlatforms) = preSolution
		Debug|Any CPU = Debug|Any CPU
		Release|Any CPU = Release|Any CPU
	EndGlobalSection
	GlobalSection(ProjectConfigurationPlatforms) = postSolution
		{6A988B54-BE90-49F2-A6A1-D7D50A660502}.Debug|Any CPU.ActiveCfg = Debug|Any CPU
		{6A988B54-BE90-49F2-A6A1-D7D50A660502}.Debug|Any CPU.Build.0 = Debug|Any CPU
		{6A988B54-BE90-49F2-A6A1-D7D50A660502}.Release|Any CPU.ActiveCfg = Release|Any CPU
		{6A988B54-BE90-49F2-A6A1-D7D50A660502}.Release|Any CPU.Build.0 = Release|Any CPU
	EndGlobalSection
	GlobalSection(SolutionProperties) = preSolution
		HideSolutionNode = FALSE
	EndGlobalSection
	GlobalSection(ExtensibilityGlobals) = postSolution
		SolutionGuid = {4365543A-49BD-4A71-B226-6EAC308071C6}
	EndGlobalSection
EndGlobal
